
Microsoft Visual Studio Solution File, Format Version 12.00
# Visual Studio 2013
VisualStudioVersion = 12.0.21005.1
MinimumVisualStudioVersion = 10.0.40219.1
Project("{FAE04EC0-301F-11D3-BF4B-00C04F79EFBC}") = "LearnRabbit", "LearnRabbit\LearnRabbit.csproj", "{1E068074-114D-442C-A2C1-CD529972B6EE}"
EndProject
Project("{FAE04EC0-301F-11D3-BF4B-00C04F79EFBC}") = "RabbitPublish", "RabbitPublish\RabbitPublish.csproj", "{04FEDF3C-C2A2-4E07-906E-A9429E085735}"
EndProject
Project("{FAE04EC0-301F-11D3-BF4B-00C04F79EFBC}") = "TRabbitClient", "TRabbitClient\TRabbitClient.csproj", "{6F0B9EE2-6441-4E6F-BD35-0992EB2D05A8}"
EndProject
Global
	GlobalSection(SolutionConfigurationPlatforms) = preSolution
		Debug|Any CPU = Debug|Any CPU
		Release|Any CPU = Release|Any CPU
	EndGlobalSection
	GlobalSection(ProjectConfigurationPlatforms) = postSolution
		{1E068074-114D-442C-A2C1-CD529972B6EE}.Debug|Any CPU.ActiveCfg = Debug|Any CPU
		{1E068074-114D-442C-A2C1-CD529972B6EE}.Debug|Any CPU.Build.0 = Debug|Any CPU
		{1E068074-114D-442C-A2C1-CD529972B6EE}.Release|Any CPU.ActiveCfg = Release|Any CPU
		{1E068074-114D-442C-A2C1-CD529972B6EE}.Release|Any CPU.Build.0 = Release|Any CPU
		{04FEDF3C-C2A2-4E07-906E-A9429E085735}.Debug|Any CPU.ActiveCfg = Debug|Any CPU
		{04FEDF3C-C2A2-4E07-906E-A9429E085735}.Debug|Any CPU.Build.0 = Debug|Any CPU
		{04FEDF3C-C2A2-4E07-906E-A9429E085735}.Release|Any CPU.ActiveCfg = Release|Any CPU
		{04FEDF3C-C2A2-4E07-906E-A9429E085735}.Release|Any CPU.Build.0 = Release|Any CPU
		{6F0B9EE2-6441-4E6F-BD35-0992EB2D05A8}.Debug|Any CPU.ActiveCfg = Debug|Any CPU
		{6F0B9EE2-6441-4E6F-BD35-0992EB2D05A8}.Debug|Any CPU.Build.0 = Debug|Any CPU
		{6F0B9EE2-6441-4E6F-BD35-0992EB2D05A8}.Release|Any CPU.ActiveCfg = Release|Any CPU
		{6F0B9EE2-6441-4E6F-BD35-0992EB2D05A8}.Release|Any CPU.Build.0 = Release|Any CPU
	EndGlobalSection
	GlobalSection(SolutionProperties) = preSolution
		HideSolutionNode = FALSE
	EndGlobalSection
EndGlobal
